
Microsoft Visual Studio Solution File, Format Version 12.00
# Visual Studio Version 16
VisualStudioVersion = 16.0.31829.152
MinimumVisualStudioVersion = 10.0.40219.1
Project("{FAE04EC0-301F-11D3-BF4B-00C04F79EFBC}") = "ExamenTecnico", "ExamenTecnico.csproj", "{219A96FC-778C-409E-B0C5-B96E857F41EB}"
EndProject
Global
	GlobalSection(SolutionConfigurationPlatforms) = preSolution
		Debug|Any CPU = Debug|Any CPU
		Release|Any CPU = Release|Any CPU
	EndGlobalSection
	GlobalSection(ProjectConfigurationPlatforms) = postSolution
		{219A96FC-778C-409E-B0C5-B96E857F41EB}.Debug|Any CPU.ActiveCfg = Debug|Any CPU
		{219A96FC-778C-409E-B0C5-B96E857F41EB}.Debug|Any CPU.Build.0 = Debug|Any CPU
		{219A96FC-778C-409E-B0C5-B96E857F41EB}.Release|Any CPU.ActiveCfg = Release|Any CPU
		{219A96FC-778C-409E-B0C5-B96E857F41EB}.Release|Any CPU.Build.0 = Release|Any CPU
	EndGlobalSection
	GlobalSection(SolutionProperties) = preSolution
		HideSolutionNode = FALSE
	EndGlobalSection
	GlobalSection(ExtensibilityGlobals) = postSolution
		SolutionGuid = {12A19CAB-6C40-43A2-ABDA-412A84ACF827}
	EndGlobalSection
EndGlobal
